version = 1
revision = 3
requires-python = ">=3.13"

[[package]]
name = "aiofiles"
version = "25.1.0"
source = { registry = "https://pypi.org/simple" }
sdist = { url = "https://files.pythonhosted.org/packages/41/c3/534eac40372d8ee36ef40df62ec129bee4fdb5ad9706e58a29be53b2c970/aiofiles-25.1.0.tar.gz", hash = "sha256:a8d728f0a29de45dc521f18f07297428d56992a742f0cd2701ba86e44d23d5b2", size = 46354, upload-time = "2025-10-09T20:51:04.358Z" }
wheels = [
    { url = "https://files.pythonhosted.org/packages/bc/8a/340a1555ae33d7354dbca4faa54948d76d89a27ceef032c8c3bc661d003e/aiofiles-25.1.0-py3-none-any.whl", hash = "sha256:abe311e527c862958650f9438e859c1fa7568a141b22abcd015e120e86a85695", size = 14668, upload-time = "2025-10-09T20:51:03.174Z" },
]

[[package]]
name = "cavedb"
version = "1.0.0"
source = { virtual = "." }
dependencies = [
    { name = "aiofiles" },
    { name = "orjson" },
]

[package.metadata]
requires-dist = [
    { name = "aiofiles", specifier = ">=25.1.0" },
    { name = "orjson", specifier = ">=3.11.3" },
]

[[package]]
name = "orjson"
version = "3.11.3"
source = { registry = "https://pypi.org/simple" }
sdist = { url = "https://files.pythonhosted.org/packages/be/4d/8df5f83256a809c22c4d6792ce8d43bb503be0fb7a8e4da9025754b09658/orjson-3.11.3.tar.gz", hash = "sha256:1c0603b1d2ffcd43a411d64797a19556ef76958aef1c182f22dc30860152a98a", size = 5482394, upload-time = "2025-08-26T17:46:43.171Z" }
wheels = [
    { url = "https://files.pythonhosted.org/packages/fc/79/8932b27293ad35919571f77cb3693b5906cf14f206ef17546052a241fdf6/orjson-3.11.3-cp313-cp313-macosx_10_15_x86_64.macosx_11_0_arm64.macosx_10_15_universal2.whl", hash = "sha256:af40c6612fd2a4b00de648aa26d18186cd1322330bd3a3cc52f87c699e995810", size = 238127, upload-time = "2025-08-26T17:45:38.146Z" },
    { url = "https://files.pythonhosted.org/packages/1c/82/cb93cd8cf132cd7643b30b6c5a56a26c4e780c7a145db6f83de977b540ce/orjson-3.11.3-cp313-cp313-macosx_15_0_arm64.whl", hash = "sha256:9f1587f26c235894c09e8b5b7636a38091a9e6e7fe4531937534749c04face43", size = 127494, upload-time = "2025-08-26T17:45:39.57Z" },
    { url = "https://files.pythonhosted.org/packages/a4/b8/2d9eb181a9b6bb71463a78882bcac1027fd29cf62c38a40cc02fc11d3495/orjson-3.11.3-cp313-cp313-manylinux_2_17_aarch64.manylinux2014_aarch64.whl", hash = "sha256:61dcdad16da5bb486d7227a37a2e789c429397793a6955227cedbd7252eb5a27", size = 123017, upload-time = "2025-08-26T17:45:40.876Z" },
    { url = "https://files.pythonhosted.org/packages/b4/14/a0e971e72d03b509190232356d54c0f34507a05050bd026b8db2bf2c192c/orjson-3.11.3-cp313-cp313-manylinux_2_17_armv7l.manylinux2014_armv7l.whl", hash = "sha256:11c6d71478e2cbea0a709e8a06365fa63da81da6498a53e4c4f065881d21ae8f", size = 127898, upload-time = "2025-08-26T17:45:42.188Z" },
    { url = "https://files.pythonhosted.org/packages/8e/af/dc74536722b03d65e17042cc30ae586161093e5b1f29bccda24765a6ae47/orjson-3.11.3-cp313-cp313-manylinux_2_17_i686.manylinux2014_i686.whl", hash = "sha256:ff94112e0098470b665cb0ed06efb187154b63649403b8d5e9aedeb482b4548c", size = 130742, upload-time = "2025-08-26T17:45:43.511Z" },
    { url = "https://files.pythonhosted.org/packages/62/e6/7a3b63b6677bce089fe939353cda24a7679825c43a24e49f757805fc0d8a/orjson-3.11.3-cp313-cp313-manylinux_2_17_ppc64le.manylinux2014_ppc64le.whl", hash = "sha256:ae8b756575aaa2a855a75192f356bbda11a89169830e1439cfb1a3e1a6dde7be", size = 132377, upload-time = "2025-08-26T17:45:45.525Z" },
    { url = "https://files.pythonhosted.org/packages/fc/cd/ce2ab93e2e7eaf518f0fd15e3068b8c43216c8a44ed82ac2b79ce5cef72d/orjson-3.11.3-cp313-cp313-manylinux_2_17_s390x.manylinux2014_s390x.whl", hash = "sha256:c9416cc19a349c167ef76135b2fe40d03cea93680428efee8771f3e9fb66079d", size = 135313, upload-time = "2025-08-26T17:45:46.821Z" },
    { url = "https://files.pythonhosted.org/packages/d0/b4/f98355eff0bd1a38454209bbc73372ce351ba29933cb3e2eba16c04b9448/orjson-3.11.3-cp313-cp313-manylinux_2_17_x86_64.manylinux2014_x86_64.whl", hash = "sha256:b822caf5b9752bc6f246eb08124c3d12bf2175b66ab74bac2ef3bbf9221ce1b2", size = 132908, upload-time = "2025-08-26T17:45:48.126Z" },
    { url = "https://files.pythonhosted.org/packages/eb/92/8f5182d7bc2a1bed46ed960b61a39af8389f0ad476120cd99e67182bfb6d/orjson-3.11.3-cp313-cp313-musllinux_1_2_aarch64.whl", hash = "sha256:414f71e3bdd5573893bf5ecdf35c32b213ed20aa15536fe2f588f946c318824f", size = 130905, upload-time = "2025-08-26T17:45:49.414Z" },
    { url = "https://files.pythonhosted.org/packages/1a/60/c41ca753ce9ffe3d0f67b9b4c093bdd6e5fdb1bc53064f992f66bb99954d/orjson-3.11.3-cp313-cp313-musllinux_1_2_armv7l.whl", hash = "sha256:828e3149ad8815dc14468f36ab2a4b819237c155ee1370341b91ea4c8672d2ee", size = 403812, upload-time = "2025-08-26T17:45:51.085Z" },
    { url = "https://files.pythonhosted.org/packages/dd/13/e4a4f16d71ce1868860db59092e78782c67082a8f1dc06a3788aef2b41bc/orjson-3.11.3-cp313-cp313-musllinux_1_2_i686.whl", hash = "sha256:ac9e05f25627ffc714c21f8dfe3a579445a5c392a9c8ae7ba1d0e9fb5333f56e", size = 146277, upload-time = "2025-08-26T17:45:52.851Z" },
    { url = "https://files.pythonhosted.org/packages/8d/8b/bafb7f0afef9344754a3a0597a12442f1b85a048b82108ef2c956f53babd/orjson-3.11.3-cp313-cp313-musllinux_1_2_x86_64.whl", hash = "sha256:e44fbe4000bd321d9f3b648ae46e0196d21577cf66ae684a96ff90b1f7c93633", size = 135418, upload-time = "2025-08-26T17:45:54.806Z" },
    { url = "https://files.pythonhosted.org/packages/60/d4/bae8e4f26afb2c23bea69d2f6d566132584d1c3a5fe89ee8c17b718cab67/orjson-3.11.3-cp313-cp313-win32.whl", hash = "sha256:2039b7847ba3eec1f5886e75e6763a16e18c68a63efc4b029ddf994821e2e66b", size = 136216, upload-time = "2025-08-26T17:45:57.182Z" },
    { url = "https://files.pythonhosted.org/packages/88/76/224985d9f127e121c8cad882cea55f0ebe39f97925de040b75ccd4b33999/orjson-3.11.3-cp313-cp313-win_amd64.whl", hash = "sha256:29be5ac4164aa8bdcba5fa0700a3c9c316b411d8ed9d39ef8a882541bd452fae", size = 131362, upload-time = "2025-08-26T17:45:58.56Z" },
    { url = "https://files.pythonhosted.org/packages/e2/cf/0dce7a0be94bd36d1346be5067ed65ded6adb795fdbe3abd234c8d576d01/orjson-3.11.3-cp313-cp313-win_arm64.whl", hash = "sha256:18bd1435cb1f2857ceb59cfb7de6f92593ef7b831ccd1b9bfb28ca530e539dce", size = 125989, upload-time = "2025-08-26T17:45:59.95Z" },
    { url = "https://files.pythonhosted.org/packages/ef/77/d3b1fef1fc6aaeed4cbf3be2b480114035f4df8fa1a99d2dac1d40d6e924/orjson-3.11.3-cp314-cp314-macosx_10_15_x86_64.macosx_11_0_arm64.macosx_10_15_universal2.whl", hash = "sha256:cf4b81227ec86935568c7edd78352a92e97af8da7bd70bdfdaa0d2e0011a1ab4", size = 238115, upload-time = "2025-08-26T17:46:01.669Z" },
    { url = "https://files.pythonhosted.org/packages/e4/6d/468d21d49bb12f900052edcfbf52c292022d0a323d7828dc6376e6319703/orjson-3.11.3-cp314-cp314-macosx_15_0_arm64.whl", hash = "sha256:bc8bc85b81b6ac9fc4dae393a8c159b817f4c2c9dee5d12b773bddb3b95fc07e", size = 127493, upload-time = "2025-08-26T17:46:03.466Z" },
    { url = "https://files.pythonhosted.org/packages/67/46/1e2588700d354aacdf9e12cc2d98131fb8ac6f31ca65997bef3863edb8ff/orjson-3.11.3-cp314-cp314-manylinux_2_34_aarch64.whl", hash = "sha256:88dcfc514cfd1b0de038443c7b3e6a9797ffb1b3674ef1fd14f701a13397f82d", size = 122998, upload-time = "2025-08-26T17:46:04.803Z" },
    { url = "https://files.pythonhosted.org/packages/3b/94/11137c9b6adb3779f1b34fd98be51608a14b430dbc02c6d41134fbba484c/orjson-3.11.3-cp314-cp314-manylinux_2_34_x86_64.whl", hash = "sha256:d61cd543d69715d5fc0a690c7c6f8dcc307bc23abef9738957981885f5f38229", size = 132915, upload-time = "2025-08-26T17:46:06.237Z" },
    { url = "https://files.pythonhosted.org/packages/10/61/dccedcf9e9bcaac09fdabe9eaee0311ca92115699500efbd31950d878833/orjson-3.11.3-cp314-cp314-musllinux_1_2_aarch64.whl", hash = "sha256:2b7b153ed90ababadbef5c3eb39549f9476890d339cf47af563aea7e07db2451", size = 130907, upload-time = "2025-08-26T17:46:07.581Z" },
    { url = "https://files.pythonhosted.org/packages/0e/fd/0e935539aa7b08b3ca0f817d73034f7eb506792aae5ecc3b7c6e679cdf5f/orjson-3.11.3-cp314-cp314-musllinux_1_2_armv7l.whl", hash = "sha256:7909ae2460f5f494fecbcd10613beafe40381fd0316e35d6acb5f3a05bfda167", size = 403852, upload-time = "2025-08-26T17:46:08.982Z" },
    { url = "https://files.pythonhosted.org/packages/4a/2b/50ae1a5505cd1043379132fdb2adb8a05f37b3e1ebffe94a5073321966fd/orjson-3.11.3-cp314-cp314-musllinux_1_2_i686.whl", hash = "sha256:2030c01cbf77bc67bee7eef1e7e31ecf28649353987775e3583062c752da0077", size = 146309, upload-time = "2025-08-26T17:46:10.576Z" },
    { url = "https://files.pythonhosted.org/packages/cd/1d/a473c158e380ef6f32753b5f39a69028b25ec5be331c2049a2201bde2e19/orjson-3.11.3-cp314-cp314-musllinux_1_2_x86_64.whl", hash = "sha256:a0169ebd1cbd94b26c7a7ad282cf5c2744fce054133f959e02eb5265deae1872", size = 135424, upload-time = "2025-08-26T17:46:12.386Z" },
    { url = "https://files.pythonhosted.org/packages/da/09/17d9d2b60592890ff7382e591aa1d9afb202a266b180c3d4049b1ec70e4a/orjson-3.11.3-cp314-cp314-win32.whl", hash = "sha256:0c6d7328c200c349e3a4c6d8c83e0a5ad029bdc2d417f234152bf34842d0fc8d", size = 136266, upload-time = "2025-08-26T17:46:13.853Z" },
    { url = "https://files.pythonhosted.org/packages/15/58/358f6846410a6b4958b74734727e582ed971e13d335d6c7ce3e47730493e/orjson-3.11.3-cp314-cp314-win_amd64.whl", hash = "sha256:317bbe2c069bbc757b1a2e4105b64aacd3bc78279b66a6b9e51e846e4809f804", size = 131351, upload-time = "2025-08-26T17:46:15.27Z" },
    { url = "https://files.pythonhosted.org/packages/28/01/d6b274a0635be0468d4dbd9cafe80c47105937a0d42434e805e67cd2ed8b/orjson-3.11.3-cp314-cp314-win_arm64.whl", hash = "sha256:e8f6a7a27d7b7bec81bd5924163e9af03d49bbb63013f107b48eb5d16db711bc", size = 125985, upload-time = "2025-08-26T17:46:16.67Z" },
]
